
Microsoft Visual Studio Solution File, Format Version 12.00
# Visual Studio Version 17
VisualStudioVersion = 17.4.33110.190
MinimumVisualStudioVersion = 10.0.40219.1
Project("{FAE04EC0-301F-11D3-BF4B-00C04F79EFBC}") = "APF_Hospital", "APF_Hospital.csproj", "{6B6B23ED-24C7-48F4-9D9A-6A99F1F33910}"
EndProject
Global
	GlobalSection(SolutionConfigurationPlatforms) = preSolution
		Debug|Any CPU = Debug|Any CPU
		Release|Any CPU = Release|Any CPU
	EndGlobalSection
	GlobalSection(ProjectConfigurationPlatforms) = postSolution
		{6B6B23ED-24C7-48F4-9D9A-6A99F1F33910}.Debug|Any CPU.ActiveCfg = Debug|Any CPU
		{6B6B23ED-24C7-48F4-9D9A-6A99F1F33910}.Debug|Any CPU.Build.0 = Debug|Any CPU
		{6B6B23ED-24C7-48F4-9D9A-6A99F1F33910}.Release|Any CPU.ActiveCfg = Release|Any CPU
		{6B6B23ED-24C7-48F4-9D9A-6A99F1F33910}.Release|Any CPU.Build.0 = Release|Any CPU
	EndGlobalSection
	GlobalSection(SolutionProperties) = preSolution
		HideSolutionNode = FALSE
	EndGlobalSection
	GlobalSection(ExtensibilityGlobals) = postSolution
		SolutionGuid = {22AE0B98-5801-4249-B36E-34754A629A90}
	EndGlobalSection
EndGlobal
